// !$*UTF8*$!
{
	archiveVersion = 1;
	classes = {
	};
	objectVersion = 55;
	objects = {

/* Begin PBXBuildFile section */
		E19E0C2527B8141E004AA22E /* AppDelegate.swift in Sources */ = {isa = PBXBuildFile; fileRef = E19E0C2427B8141E004AA22E /* AppDelegate.swift */; };
		E19E0C2727B8141E004AA22E /* SceneDelegate.swift in Sources */ = {isa = PBXBuildFile; fileRef = E19E0C2627B8141E004AA22E /* SceneDelegate.swift */; };
		E19E0C2927B8141E004AA22E /* ViewController.swift in Sources */ = {isa = PBXBuildFile; fileRef = E19E0C2827B8141E004AA22E /* ViewController.swift */; };
		E19E0C2C27B8141E004AA22E /* Main.storyboard in Resources */ = {isa = PBXBuildFile; fileRef = E19E0C2A27B8141E004AA22E /* Main.storyboard */; };
		E19E0C2E27B8141F004AA22E /* Assets.xcassets in Resources */ = {isa = PBXBuildFile; fileRef = E19E0C2D27B8141F004AA22E /* Assets.xcassets */; };
		E19E0C3127B8141F004AA22E /* LaunchScreen.storyboard in Resources */ = {isa = PBXBuildFile; fileRef = E19E0C2F27B8141F004AA22E /* LaunchScreen.storyboard */; };
		E19E0C3C27B8141F004AA22E /* Github_Sample_ProjectTests.swift in Sources */ = {isa = PBXBuildFile; fileRef = E19E0C3B27B8141F004AA22E /* Github_Sample_ProjectTests.swift */; };
		E19E0C4627B8141F004AA22E /* Github_Sample_ProjectUITests.swift in Sources */ = {isa = PBXBuildFile; fileRef = E19E0C4527B8141F004AA22E /* Github_Sample_ProjectUITests.swift */; };
		E19E0C4827B8141F004AA22E /* Github_Sample_ProjectUITestsLaunchTests.swift in Sources */ = {isa = PBXBuildFile; fileRef = E19E0C4727B8141F004AA22E /* Github_Sample_ProjectUITestsLaunchTests.swift */; };
/* End PBXBuildFile section */

/* Begin PBXContainerItemProxy section */
		E19E0C3827B8141F004AA22E /* PBXContainerItemProxy */ = {
			isa = PBXContainerItemProxy;
			containerPortal = E19E0C1927B8141E004AA22E /* Project object */;
			proxyType = 1;
			remoteGlobalIDString = E19E0C2027B8141E004AA22E;
			remoteInfo = "Github Sample Project";
		};
		E19E0C4227B8141F004AA22E /* PBXContainerItemProxy */ = {
			isa = PBXContainerItemProxy;
			containerPortal = E19E0C1927B8141E004AA22E /* Project object */;
			proxyType = 1;
			remoteGlobalIDString = E19E0C2027B8141E004AA22E;
			remoteInfo = "Github Sample Project";
		};
/* End PBXContainerItemProxy section */

/* Begin PBXFileReference section */
		E19E0C2127B8141E004AA22E /* Github Sample Project.app */ = {isa = PBXFileReference; explicitFileType = wrapper.application; includeInIndex = 0; path = "Github Sample Project.app"; sourceTree = BUILT_PRODUCTS_DIR; };
		E19E0C2427B8141E004AA22E /* AppDelegate.swift */ = {isa = PBXFileReference; lastKnownFileType = sourcecode.swift; path = AppDelegate.swift; sourceTree = "<group>"; };
		E19E0C2627B8141E004AA22E /* SceneDelegate.swift */ = {isa = PBXFileReference; lastKnownFileType = sourcecode.swift; path = SceneDelegate.swift; sourceTree = "<group>"; };
		E19E0C2827B8141E004AA22E /* ViewController.swift */ = {isa = PBXFileReference; lastKnownFileType = sourcecode.swift; path = ViewController.swift; sourceTree = "<group>"; };
		E19E0C2B27B8141E004AA22E /* Base */ = {isa = PBXFileReference; lastKnownFileType = file.storyboard; name = Base; path = Base.lproj/Main.storyboard; sourceTree = "<group>"; };
		E19E0C2D27B8141F004AA22E /* Assets.xcassets */ = {isa = PBXFileReference; lastKnownFileType = folder.assetcatalog; path = Assets.xcassets; sourceTree = "<group>"; };
		E19E0C3027B8141F004AA22E /* Base */ = {isa = PBXFileReference; lastKnownFileType = file.storyboard; name = Base; path = Base.lproj/LaunchScreen.storyboard; sourceTree = "<group>"; };
		E19E0C3227B8141F004AA22E /* Info.plist */ = {isa = PBXFileReference; lastKnownFileType = text.plist.xml; path = Info.plist; sourceTree = "<group>"; };
		E19E0C3727B8141F004AA22E /* Github Sample ProjectTests.xctest */ = {isa = PBXFileReference; explicitFileType = wrapper.cfbundle; includeInIndex = 0; path = "Github Sample ProjectTests.xctest"; sourceTree = BUILT_PRODUCTS_DIR; };
		E19E0C3B27B8141F004AA22E /* Github_Sample_ProjectTests.swift */ = {isa = PBXFileReference; lastKnownFileType = sourcecode.swift; path = Github_Sample_ProjectTests.swift; sourceTree = "<group>"; };
		E19E0C4127B8141F004AA22E /* Github Sample ProjectUITests.xctest */ = {isa = PBXFileReference; explicitFileType = wrapper.cfbundle; includeInIndex = 0; path = "Github Sample ProjectUITests.xctest"; sourceTree = BUILT_PRODUCTS_DIR; };
		E19E0C4527B8141F004AA22E /* Github_Sample_ProjectUITests.swift */ = {isa = PBXFileReference; lastKnownFileType = sourcecode.swift; path = Github_Sample_ProjectUITests.swift; sourceTree = "<group>"; };
		E19E0C4727B8141F004AA22E /* Github_Sample_ProjectUITestsLaunchTests.swift */ = {isa = PBXFileReference; lastKnownFileType = sourcecode.swift; path = Github_Sample_ProjectUITestsLaunchTests.swift; sourceTree = "<group>"; };
/* End PBXFileReference section */

/* Begin PBXFrameworksBuildPhase section */
		E19E0C1E27B8141E004AA22E /* Frameworks */ = {
			isa = PBXFrameworksBuildPhase;
			buildActionMask = 2147483647;
			files = (
			);
			runOnlyForDeploymentPostprocessing = 0;
		};
		E19E0C3427B8141F004AA22E /* Frameworks */ = {
			isa = PBXFrameworksBuildPhase;
			buildActionMask = 2147483647;
			files = (
			);
			runOnlyForDeploymentPostprocessing = 0;
		};
		E19E0C3E27B8141F004AA22E /* Frameworks */ = {
			isa = PBXFrameworksBuildPhase;
			buildActionMask = 2147483647;
			files = (
			);
			runOnlyForDeploymentPostprocessing = 0;
		};
/* End PBXFrameworksBuildPhase section */

/* Begin PBXGroup section */
		E19E0C1827B8141E004AA22E = {
			isa = PBXGroup;
			children = (
				E19E0C2327B8141E004AA22E /* Github Sample Project */,
				E19E0C3A27B8141F004AA22E /* Github Sample ProjectTests */,
				E19E0C4427B8141F004AA22E /* Github Sample ProjectUITests */,
				E19E0C2227B8141E004AA22E /* Products */,
			);
			sourceTree = "<group>";
		};
		E19E0C2227B8141E004AA22E /* Products */ = {
			isa = PBXGroup;
			children = (
				E19E0C2127B8141E004AA22E /* Github Sample Project.app */,
				E19E0C3727B8141F004AA22E /* Github Sample ProjectTests.xctest */,
				E19E0C4127B8141F004AA22E /* Github Sample ProjectUITests.xctest */,
			);
			name = Products;
			sourceTree = "<group>";
		};
		E19E0C2327B8141E004AA22E /* Github Sample Project */ = {
			isa = PBXGroup;
			children = (
				E19E0C2427B8141E004AA22E /* AppDelegate.swift */,
				E19E0C2627B8141E004AA22E /* SceneDelegate.swift */,
				E19E0C2827B8141E004AA22E /* ViewController.swift */,
				E19E0C2A27B8141E004AA22E /* Main.storyboard */,
				E19E0C2D27B8141F004AA22E /* Assets.xcassets */,
				E19E0C2F27B8141F004AA22E /* LaunchScreen.storyboard */,
				E19E0C3227B8141F004AA22E /* Info.plist */,
			);
			path = "Github Sample Project";
			sourceTree = "<group>";
		};
		E19E0C3A27B8141F004AA22E /* Github Sample ProjectTests */ = {
			isa = PBXGroup;
			children = (
				E19E0C3B27B8141F004AA22E /* Github_Sample_ProjectTests.swift */,
			);
			path = "Github Sample ProjectTests";
			sourceTree = "<group>";
		};
		E19E0C4427B8141F004AA22E /* Github Sample ProjectUITests */ = {
			isa = PBXGroup;
			children = (
				E19E0C4527B8141F004AA22E /* Github_Sample_ProjectUITests.swift */,
				E19E0C4727B8141F004AA22E /* Github_Sample_ProjectUITestsLaunchTests.swift */,
			);
			path = "Github Sample ProjectUITests";
			sourceTree = "<group>";
		};
/* End PBXGroup section */

/* Begin PBXNativeTarget section */
		E19E0C2027B8141E004AA22E /* Github Sample Project */ = {
			isa = PBXNativeTarget;
			buildConfigurationList = E19E0C4B27B8141F004AA22E /* Build configuration list for PBXNativeTarget "Github Sample Project" */;
			buildPhases = (
				E19E0C1D27B8141E004AA22E /* Sources */,
				E19E0C1E27B8141E004AA22E /* Frameworks */,
				E19E0C1F27B8141E004AA22E /* Resources */,
			);
			buildRules = (
			);
			dependencies = (
			);
			name = "Github Sample Project";
			productName = "Github Sample Project";
			productReference = E19E0C2127B8141E004AA22E /* Github Sample Project.app */;
			productType = "com.apple.product-type.application";
		};
		E19E0C3627B8141F004AA22E /* Github Sample ProjectTests */ = {
			isa = PBXNativeTarget;
			buildConfigurationList = E19E0C4E27B8141F004AA22E /* Build configuration list for PBXNativeTarget "Github Sample ProjectTests" */;
			buildPhases = (
				E19E0C3327B8141F004AA22E /* Sources */,
				E19E0C3427B8141F004AA22E /* Frameworks */,
				E19E0C3527B8141F004AA22E /* Resources */,
			);
			buildRules = (
			);
			dependencies = (
				E19E0C3927B8141F004AA22E /* PBXTargetDependency */,
			);
			name = "Github Sample ProjectTests";
			productName = "Github Sample ProjectTests";
			productReference = E19E0C3727B8141F004AA22E /* Github Sample ProjectTests.xctest */;
			productType = "com.apple.product-type.bundle.unit-test";
		};
		E19E0C4027B8141F004AA22E /* Github Sample ProjectUITests */ = {
			isa = PBXNativeTarget;
			buildConfigurationList = E19E0C5127B8141F004AA22E /* Build configuration list for PBXNativeTarget "Github Sample ProjectUITests" */;
			buildPhases = (
				E19E0C3D27B8141F004AA22E /* Sources */,
				E19E0C3E27B8141F004AA22E /* Frameworks */,
				E19E0C3F27B8141F004AA22E /* Resources */,
			);
			buildRules = (
			);
			dependencies = (
				E19E0C4327B8141F004AA22E /* PBXTargetDependency */,
			);
			name = "Github Sample ProjectUITests";
			productName = "Github Sample ProjectUITests";
			productReference = E19E0C4127B8141F004AA22E /* Github Sample ProjectUITests.xctest */;
			productType = "com.apple.product-type.bundle.ui-testing";
		};
/* End PBXNativeTarget section */

/* Begin PBXProject section */
		E19E0C1927B8141E004AA22E /* Project object */ = {
			isa = PBXProject;
			attributes = {
				BuildIndependentTargetsInParallel = 1;
				LastSwiftUpdateCheck = 1310;
				LastUpgradeCheck = 1310;
				TargetAttributes = {
					E19E0C2027B8141E004AA22E = {
						CreatedOnToolsVersion = 13.1;
					};
					E19E0C3627B8141F004AA22E = {
						CreatedOnToolsVersion = 13.1;
						TestTargetID = E19E0C2027B8141E004AA22E;
					};
					E19E0C4027B8141F004AA22E = {
						CreatedOnToolsVersion = 13.1;
						TestTargetID = E19E0C2027B8141E004AA22E;
					};
				};
			};
			buildConfigurationList = E19E0C1C27B8141E004AA22E /* Build configuration list for PBXProject "Github Sample Project" */;
			compatibilityVersion = "Xcode 13.0";
			developmentRegion = en;
			hasScannedForEncodings = 0;
			knownRegions = (
				en,
				Base,
			);
			mainGroup = E19E0C1827B8141E004AA22E;
			productRefGroup = E19E0C2227B8141E004AA22E /* Products */;
			projectDirPath = "";
			projectRoot = "";
			targets = (
				E19E0C2027B8141E004AA22E /* Github Sample Project */,
				E19E0C3627B8141F004AA22E /* Github Sample ProjectTests */,
				E19E0C4027B8141F004AA22E /* Github Sample ProjectUITests */,
			);
		};
/* End PBXProject section */

/* Begin PBXResourcesBuildPhase section */
		E19E0C1F27B8141E004AA22E /* Resources */ = {
			isa = PBXResourcesBuildPhase;
			buildActionMask = 2147483647;
			files = (
				E19E0C3127B8141F004AA22E /* LaunchScreen.storyboard in Resources */,
				E19E0C2E27B8141F004AA22E /* Assets.xcassets in Resources */,
				E19E0C2C27B8141E004AA22E /* Main.storyboard in Resources */,
			);
			runOnlyForDeploymentPostprocessing = 0;
		};
		E19E0C3527B8141F004AA22E /* Resources */ = {
			isa = PBXResourcesBuildPhase;
			buildActionMask = 2147483647;
			files = (
			);
			runOnlyForDeploymentPostprocessing = 0;
		};
		E19E0C3F27B8141F004AA22E /* Resources */ = {
			isa = PBXResourcesBuildPhase;
			buildActionMask = 2147483647;
			files = (
			);
			runOnlyForDeploymentPostprocessing = 0;
		};
/* End PBXResourcesBuildPhase section */

/* Begin PBXSourcesBuildPhase section */
		E19E0C1D27B8141E004AA22E /* Sources */ = {
			isa = PBXSourcesBuildPhase;
			buildActionMask = 2147483647;
			files = (
				E19E0C2927B8141E004AA22E /* ViewController.swift in Sources */,
				E19E0C2527B8141E004AA22E /* AppDelegate.swift in Sources */,
				E19E0C2727B8141E004AA22E /* SceneDelegate.swift in Sources */,
			);
			runOnlyForDeploymentPostprocessing = 0;
		};
		E19E0C3327B8141F004AA22E /* Sources */ = {
			isa = PBXSourcesBuildPhase;
			buildActionMask = 2147483647;
			files = (
				E19E0C3C27B8141F004AA22E /* Github_Sample_ProjectTests.swift in Sources */,
			);
			runOnlyForDeploymentPostprocessing = 0;
		};
		E19E0C3D27B8141F004AA22E /* Sources */ = {
			isa = PBXSourcesBuildPhase;
			buildActionMask = 2147483647;
			files = (
				E19E0C4627B8141F004AA22E /* Github_Sample_ProjectUITests.swift in Sources */,
				E19E0C4827B8141F004AA22E /* Github_Sample_ProjectUITestsLaunchTests.swift in Sources */,
			);
			runOnlyForDeploymentPostprocessing = 0;
		};
/* End PBXSourcesBuildPhase section */

/* Begin PBXTargetDependency section */
		E19E0C3927B8141F004AA22E /* PBXTargetDependency */ = {
			isa = PBXTargetDependency;
			target = E19E0C2027B8141E004AA22E /* Github Sample Project */;
			targetProxy = E19E0C3827B8141F004AA22E /* PBXContainerItemProxy */;
		};
		E19E0C4327B8141F004AA22E /* PBXTargetDependency */ = {
			isa = PBXTargetDependency;
			target = E19E0C2027B8141E004AA22E /* Github Sample Project */;
			targetProxy = E19E0C4227B8141F004AA22E /* PBXContainerItemProxy */;
		};
/* End PBXTargetDependency section */

/* Begin PBXVariantGroup section */
		E19E0C2A27B8141E004AA22E /* Main.storyboard */ = {
			isa = PBXVariantGroup;
			children = (
				E19E0C2B27B8141E004AA22E /* Base */,
			);
			name = Main.storyboard;
			sourceTree = "<group>";
		};
		E19E0C2F27B8141F004AA22E /* LaunchScreen.storyboard */ = {
			isa = PBXVariantGroup;
			children = (
				E19E0C3027B8141F004AA22E /* Base */,
			);
			name = LaunchScreen.storyboard;
			sourceTree = "<group>";
		};
/* End PBXVariantGroup section */

/* Begin XCBuildConfiguration section */
		E19E0C4927B8141F004AA22E /* Debug */ = {
			isa = XCBuildConfiguration;
			buildSettings = {
				ALWAYS_SEARCH_USER_PATHS = NO;
				CLANG_ANALYZER_NONNULL = YES;
				CLANG_ANALYZER_NUMBER_OBJECT_CONVERSION = YES_AGGRESSIVE;
				CLANG_CXX_LANGUAGE_STANDARD = "gnu++17";
				CLANG_CXX_LIBRARY = "libc++";
				CLANG_ENABLE_MODULES = YES;
				CLANG_ENABLE_OBJC_ARC = YES;
				CLANG_ENABLE_OBJC_WEAK = YES;
				CLANG_WARN_BLOCK_CAPTURE_AUTORELEASING = YES;
				CLANG_WARN_BOOL_CONVERSION = YES;
				CLANG_WARN_COMMA = YES;
				CLANG_WARN_CONSTANT_CONVERSION = YES;
				CLANG_WARN_DEPRECATED_OBJC_IMPLEMENTATIONS = YES;
				CLANG_WARN_DIRECT_OBJC_ISA_USAGE = YES_ERROR;
				CLANG_WARN_DOCUMENTATION_COMMENTS = YES;
				CLANG_WARN_EMPTY_BODY = YES;
				CLANG_WARN_ENUM_CONVERSION = YES;
				CLANG_WARN_INFINITE_RECURSION = YES;
				CLANG_WARN_INT_CONVERSION = YES;
				CLANG_WARN_NON_LITERAL_NULL_CONVERSION = YES;
				CLANG_WARN_OBJC_IMPLICIT_RETAIN_SELF = YES;
				CLANG_WARN_OBJC_LITERAL_CONVERSION = YES;
				CLANG_WARN_OBJC_ROOT_CLASS = YES_ERROR;
				CLANG_WARN_QUOTED_INCLUDE_IN_FRAMEWORK_HEADER = YES;
				CLANG_WARN_RANGE_LOOP_ANALYSIS = YES;
				CLANG_WARN_STRICT_PROTOTYPES = YES;
				CLANG_WARN_SUSPICIOUS_MOVE = YES;
				CLANG_WARN_UNGUARDED_AVAILABILITY = YES_AGGRESSIVE;
				CLANG_WARN_UNREACHABLE_CODE = YES;
				CLANG_WARN__DUPLICATE_METHOD_MATCH = YES;
				COPY_PHASE_STRIP = NO;
				DEBUG_INFORMATION_FORMAT = dwarf;
				ENABLE_STRICT_OBJC_MSGSEND = YES;
				ENABLE_TESTABILITY = YES;
				GCC_C_LANGUAGE_STANDARD = gnu11;
				GCC_DYNAMIC_NO_PIC = NO;
				GCC_NO_COMMON_BLOCKS = YES;
				GCC_OPTIMIZATION_LEVEL = 0;
				GCC_PREPROCESSOR_DEFINITIONS = (
					"DEBUG=1",
					"$(inherited)",
				);
				GCC_WARN_64_TO_32_BIT_CONVERSION = YES;
				GCC_WARN_ABOUT_RETURN_TYPE = YES_ERROR;
				GCC_WARN_UNDECLARED_SELECTOR = YES;
				GCC_WARN_UNINITIALIZED_AUTOS = YES_AGGRESSIVE;
				GCC_WARN_UNUSED_FUNCTION = YES;
				GCC_WARN_UNUSED_VARIABLE = YES;
				IPHONEOS_DEPLOYMENT_TARGET = 15.0;
				MTL_ENABLE_DEBUG_INFO = INCLUDE_SOURCE;
				MTL_FAST_MATH = YES;
				ONLY_ACTIVE_ARCH = YES;
				SDKROOT = iphoneos;
				SWIFT_ACTIVE_COMPILATION_CONDITIONS = DEBUG;
				SWIFT_OPTIMIZATION_LEVEL = "-Onone";
			};
			name = Debug;
		};
		E19E0C4A27B8141F004AA22E /* Release */ = {
			isa = XCBuildConfiguration;
			buildSettings = {
				ALWAYS_SEARCH_USER_PATHS = NO;
				CLANG_ANALYZER_NONNULL = YES;
				CLANG_ANALYZER_NUMBER_OBJECT_CONVERSION = YES_AGGRESSIVE;
				CLANG_CXX_LANGUAGE_STANDARD = "gnu++17";
				CLANG_CXX_LIBRARY = "libc++";
				CLANG_ENABLE_MODULES = YES;
				CLANG_ENABLE_OBJC_ARC = YES;
				CLANG_ENABLE_OBJC_WEAK = YES;
				CLANG_WARN_BLOCK_CAPTURE_AUTORELEASING = YES;
				CLANG_WARN_BOOL_CONVERSION = YES;
				CLANG_WARN_COMMA = YES;
				CLANG_WARN_CONSTANT_CONVERSION = YES;
				CLANG_WARN_DEPRECATED_OBJC_IMPLEMENTATIONS = YES;
				CLANG_WARN_DIRECT_OBJC_ISA_USAGE = YES_ERROR;
				CLANG_WARN_DOCUMENTATION_COMMENTS = YES;
				CLANG_WARN_EMPTY_BODY = YES;
				CLANG_WARN_ENUM_CONVERSION = YES;
				CLANG_WARN_INFINITE_RECURSION = YES;
				CLANG_WARN_INT_CONVERSION = YES;
				CLANG_WARN_NON_LITERAL_NULL_CONVERSION = YES;
				CLANG_WARN_OBJC_IMPLICIT_RETAIN_SELF = YES;
				CLANG_WARN_OBJC_LITERAL_CONVERSION = YES;
				CLANG_WARN_OBJC_ROOT_CLASS = YES_ERROR;
				CLANG_WARN_QUOTED_INCLUDE_IN_FRAMEWORK_HEADER = YES;
				CLANG_WARN_RANGE_LOOP_ANALYSIS = YES;
				CLANG_WARN_STRICT_PROTOTYPES = YES;
				CLANG_WARN_SUSPICIOUS_MOVE = YES;
				CLANG_WARN_UNGUARDED_AVAILABILITY = YES_AGGRESSIVE;
				CLANG_WARN_UNREACHABLE_CODE = YES;
				CLANG_WARN__DUPLICATE_METHOD_MATCH = YES;
				COPY_PHASE_STRIP = NO;
				DEBUG_INFORMATION_FORMAT = "dwarf-with-dsym";
				ENABLE_NS_ASSERTIONS = NO;
				ENABLE_STRICT_OBJC_MSGSEND = YES;
				GCC_C_LANGUAGE_STANDARD = gnu11;
				GCC_NO_COMMON_BLOCKS = YES;
				GCC_WARN_64_TO_32_BIT_CONVERSION = YES;
				GCC_WARN_ABOUT_RETURN_TYPE = YES_ERROR;
				GCC_WARN_UNDECLARED_SELECTOR = YES;
				GCC_WARN_UNINITIALIZED_AUTOS = YES_AGGRESSIVE;
				GCC_WARN_UNUSED_FUNCTION = YES;
				GCC_WARN_UNUSED_VARIABLE = YES;
				IPHONEOS_DEPLOYMENT_TARGET = 15.0;
				MTL_ENABLE_DEBUG_INFO = NO;
				MTL_FAST_MATH = YES;
				SDKROOT = iphoneos;
				SWIFT_COMPILATION_MODE = wholemodule;
				SWIFT_OPTIMIZATION_LEVEL = "-O";
				VALIDATE_PRODUCT = YES;
			};
			name = Release;
		};
		E19E0C4C27B8141F004AA22E /* Debug */ = {
			isa = XCBuildConfiguration;
			buildSettings = {
				ASSETCATALOG_COMPILER_APPICON_NAME = AppIcon;
				ASSETCATALOG_COMPILER_GLOBAL_ACCENT_COLOR_NAME = AccentColor;
				CODE_SIGN_STYLE = Automatic;
				CURRENT_PROJECT_VERSION = 1;
				DEVELOPMENT_TEAM = U97E6RE79Y;
				GENERATE_INFOPLIST_FILE = YES;
				INFOPLIST_FILE = "Github Sample Project/Info.plist";
				INFOPLIST_KEY_UIApplicationSupportsIndirectInputEvents = YES;
				INFOPLIST_KEY_UILaunchStoryboardName = LaunchScreen;
				INFOPLIST_KEY_UIMainStoryboardFile = Main;
				INFOPLIST_KEY_UISupportedInterfaceOrientations_iPad = "UIInterfaceOrientationPortrait UIInterfaceOrientationPortraitUpsideDown UIInterfaceOrientationLandscapeLeft UIInterfaceOrientationLandscapeRight";
				INFOPLIST_KEY_UISupportedInterfaceOrientations_iPhone = "UIInterfaceOrientationPortrait UIInterfaceOrientationLandscapeLeft UIInterfaceOrientationLandscapeRight";
				LD_RUNPATH_SEARCH_PATHS = (
					"$(inherited)",
					"@executable_path/Frameworks",
				);
				MARKETING_VERSION = 1.0;
				PRODUCT_BUNDLE_IDENTIFIER = "com.rmccahill.Github-Sample-Project";
				PRODUCT_NAME = "$(TARGET_NAME)";
				SWIFT_EMIT_LOC_STRINGS = YES;
				SWIFT_VERSION = 5.0;
				TARGETED_DEVICE_FAMILY = "1,2";
			};
			name = Debug;
		};
		E19E0C4D27B8141F004AA22E /* Release */ = {
			isa = XCBuildConfiguration;
			buildSettings = {
				ASSETCATALOG_COMPILER_APPICON_NAME = AppIcon;
				ASSETCATALOG_COMPILER_GLOBAL_ACCENT_COLOR_NAME = AccentColor;
				CODE_SIGN_STYLE = Automatic;
				CURRENT_PROJECT_VERSION = 1;
				DEVELOPMENT_TEAM = U97E6RE79Y;
				GENERATE_INFOPLIST_FILE = YES;
				INFOPLIST_FILE = "Github Sample Project/Info.plist";
				INFOPLIST_KEY_UIApplicationSupportsIndirectInputEvents = YES;
				INFOPLIST_KEY_UILaunchStoryboardName = LaunchScreen;
				INFOPLIST_KEY_UIMainStoryboardFile = Main;
				INFOPLIST_KEY_UISupportedInterfaceOrientations_iPad = "UIInterfaceOrientationPortrait UIInterfaceOrientationPortraitUpsideDown UIInterfaceOrientationLandscapeLeft UIInterfaceOrientationLandscapeRight";
				INFOPLIST_KEY_UISupportedInterfaceOrientations_iPhone = "UIInterfaceOrientationPortrait UIInterfaceOrientationLandscapeLeft UIInterfaceOrientationLandscapeRight";
				LD_RUNPATH_SEARCH_PATHS = (
					"$(inherited)",
					"@executable_path/Frameworks",
				);
				MARKETING_VERSION = 1.0;
				PRODUCT_BUNDLE_IDENTIFIER = "com.rmccahill.Github-Sample-Project";
				PRODUCT_NAME = "$(TARGET_NAME)";
				SWIFT_EMIT_LOC_STRINGS = YES;
				SWIFT_VERSION = 5.0;
				TARGETED_DEVICE_FAMILY = "1,2";
			};
			name = Release;
		};
		E19E0C4F27B8141F004AA22E /* Debug */ = {
			isa = XCBuildConfiguration;
			buildSettings = {
				ALWAYS_EMBED_SWIFT_STANDARD_LIBRARIES = YES;
				BUNDLE_LOADER = "$(TEST_HOST)";
				CODE_SIGN_STYLE = Automatic;
				CURRENT_PROJECT_VERSION = 1;
				DEVELOPMENT_TEAM = U97E6RE79Y;
				GENERATE_INFOPLIST_FILE = YES;
				IPHONEOS_DEPLOYMENT_TARGET = 15.0;
				LD_RUNPATH_SEARCH_PATHS = (
					"$(inherited)",
					"@executable_path/Frameworks",
					"@loader_path/Frameworks",
				);
				MARKETING_VERSION = 1.0;
				PRODUCT_BUNDLE_IDENTIFIER = "com.rmccahill.Github-Sample-ProjectTests";
				PRODUCT_NAME = "$(TARGET_NAME)";
				SWIFT_EMIT_LOC_STRINGS = NO;
				SWIFT_VERSION = 5.0;
				TARGETED_DEVICE_FAMILY = "1,2";
				TEST_HOST = "$(BUILT_PRODUCTS_DIR)/Github Sample Project.app/Github Sample Project";
			};
			name = Debug;
		};
		E19E0C5027B8141F004AA22E /* Release */ = {
			isa = XCBuildConfiguration;
			buildSettings = {
				ALWAYS_EMBED_SWIFT_STANDARD_LIBRARIES = YES;
				BUNDLE_LOADER = "$(TEST_HOST)";
				CODE_SIGN_STYLE = Automatic;
				CURRENT_PROJECT_VERSION = 1;
				DEVELOPMENT_TEAM = U97E6RE79Y;
				GENERATE_INFOPLIST_FILE = YES;
				IPHONEOS_DEPLOYMENT_TARGET = 15.0;
				LD_RUNPATH_SEARCH_PATHS = (
					"$(inherited)",
					"@executable_path/Frameworks",
					"@loader_path/Frameworks",
				);
				MARKETING_VERSION = 1.0;
				PRODUCT_BUNDLE_IDENTIFIER = "com.rmccahill.Github-Sample-ProjectTests";
				PRODUCT_NAME = "$(TARGET_NAME)";
				SWIFT_EMIT_LOC_STRINGS = NO;
				SWIFT_VERSION = 5.0;
				TARGETED_DEVICE_FAMILY = "1,2";
				TEST_HOST = "$(BUILT_PRODUCTS_DIR)/Github Sample Project.app/Github Sample Project";
			};
			name = Release;
		};
		E19E0C5227B8141F004AA22E /* Debug */ = {
			isa = XCBuildConfiguration;
			buildSettings = {
				ALWAYS_EMBED_SWIFT_STANDARD_LIBRARIES = YES;
				CODE_SIGN_STYLE = Automatic;
				CURRENT_PROJECT_VERSION = 1;
				DEVELOPMENT_TEAM = U97E6RE79Y;
				GENERATE_INFOPLIST_FILE = YES;
				LD_RUNPATH_SEARCH_PATHS = (
					"$(inherited)",
					"@executable_path/Frameworks",
					"@loader_path/Frameworks",
				);
				MARKETING_VERSION = 1.0;
				PRODUCT_BUNDLE_IDENTIFIER = "com.rmccahill.Github-Sample-ProjectUITests";
				PRODUCT_NAME = "$(TARGET_NAME)";
				SWIFT_EMIT_LOC_STRINGS = NO;
				SWIFT_VERSION = 5.0;
				TARGETED_DEVICE_FAMILY = "1,2";
				TEST_TARGET_NAME = "Github Sample Project";
			};
			name = Debug;
		};
		E19E0C5327B8141F004AA22E /* Release */ = {
			isa = XCBuildConfiguration;
			buildSettings = {
				ALWAYS_EMBED_SWIFT_STANDARD_LIBRARIES = YES;
				CODE_SIGN_STYLE = Automatic;
				CURRENT_PROJECT_VERSION = 1;
				DEVELOPMENT_TEAM = U97E6RE79Y;
				GENERATE_INFOPLIST_FILE = YES;
				LD_RUNPATH_SEARCH_PATHS = (
					"$(inherited)",
					"@executable_path/Frameworks",
					"@loader_path/Frameworks",
				);
				MARKETING_VERSION = 1.0;
				PRODUCT_BUNDLE_IDENTIFIER = "com.rmccahill.Github-Sample-ProjectUITests";
				PRODUCT_NAME = "$(TARGET_NAME)";
				SWIFT_EMIT_LOC_STRINGS = NO;
				SWIFT_VERSION = 5.0;
				TARGETED_DEVICE_FAMILY = "1,2";
				TEST_TARGET_NAME = "Github Sample Project";
			};
			name = Release;
		};
/* End XCBuildConfiguration section */

/* Begin XCConfigurationList section */
		E19E0C1C27B8141E004AA22E /* Build configuration list for PBXProject "Github Sample Project" */ = {
			isa = XCConfigurationList;
			buildConfigurations = (
				E19E0C4927B8141F004AA22E /* Debug */,
				E19E0C4A27B8141F004AA22E /* Release */,
			);
			defaultConfigurationIsVisible = 0;
			defaultConfigurationName = Release;
		};
		E19E0C4B27B8141F004AA22E /* Build configuration list for PBXNativeTarget "Github Sample Project" */ = {
			isa = XCConfigurationList;
			buildConfigurations = (
				E19E0C4C27B8141F004AA22E /* Debug */,
				E19E0C4D27B8141F004AA22E /* Release */,
			);
			defaultConfigurationIsVisible = 0;
			defaultConfigurationName = Release;
		};
		E19E0C4E27B8141F004AA22E /* Build configuration list for PBXNativeTarget "Github Sample ProjectTests" */ = {
			isa = XCConfigurationList;
			buildConfigurations = (
				E19E0C4F27B8141F004AA22E /* Debug */,
				E19E0C5027B8141F004AA22E /* Release */,
			);
			defaultConfigurationIsVisible = 0;
			defaultConfigurationName = Release;
		};
		E19E0C5127B8141F004AA22E /* Build configuration list for PBXNativeTarget "Github Sample ProjectUITests" */ = {
			isa = XCConfigurationList;
			buildConfigurations = (
				E19E0C5227B8141F004AA22E /* Debug */,
				E19E0C5327B8141F004AA22E /* Release */,
			);
			defaultConfigurationIsVisible = 0;
			defaultConfigurationName = Release;
		};
/* End XCConfigurationList section */
	};
	rootObject = E19E0C1927B8141E004AA22E /* Project object */;
}
